
Microsoft Visual Studio Solution File, Format Version 12.00
# Visual Studio Version 16
VisualStudioVersion = 16.0.31729.503
MinimumVisualStudioVersion = 10.0.40219.1
Project("{FAE04EC0-301F-11D3-BF4B-00C04F79EFBC}") = "AKSDockerApi", "AKSDockerApi.csproj", "{F1348ABB-2E0A-4A0A-AFE8-705B286B9CA5}"
EndProject
Project("{E53339B2-1760-4266-BCC7-CA923CBCF16C}") = "docker-compose", "docker-compose.dcproj", "{ED0D123F-B274-45CE-AFE9-06919A3AA2B6}"
EndProject
Global
	GlobalSection(SolutionConfigurationPlatforms) = preSolution
		Debug|Any CPU = Debug|Any CPU
		Release|Any CPU = Release|Any CPU
	EndGlobalSection
	GlobalSection(ProjectConfigurationPlatforms) = postSolution
		{F1348ABB-2E0A-4A0A-AFE8-705B286B9CA5}.Debug|Any CPU.ActiveCfg = Debug|Any CPU
		{F1348ABB-2E0A-4A0A-AFE8-705B286B9CA5}.Debug|Any CPU.Build.0 = Debug|Any CPU
		{F1348ABB-2E0A-4A0A-AFE8-705B286B9CA5}.Release|Any CPU.ActiveCfg = Release|Any CPU
		{F1348ABB-2E0A-4A0A-AFE8-705B286B9CA5}.Release|Any CPU.Build.0 = Release|Any CPU
		{ED0D123F-B274-45CE-AFE9-06919A3AA2B6}.Debug|Any CPU.ActiveCfg = Debug|Any CPU
		{ED0D123F-B274-45CE-AFE9-06919A3AA2B6}.Debug|Any CPU.Build.0 = Debug|Any CPU
		{ED0D123F-B274-45CE-AFE9-06919A3AA2B6}.Release|Any CPU.ActiveCfg = Release|Any CPU
		{ED0D123F-B274-45CE-AFE9-06919A3AA2B6}.Release|Any CPU.Build.0 = Release|Any CPU
	EndGlobalSection
	GlobalSection(SolutionProperties) = preSolution
		HideSolutionNode = FALSE
	EndGlobalSection
	GlobalSection(ExtensibilityGlobals) = postSolution
		SolutionGuid = {E7E8C7F9-E39E-494E-B31E-A8FD9BA15A48}
	EndGlobalSection
EndGlobal
